
Microsoft Visual Studio Solution File, Format Version 12.00
# Visual Studio Version 17
VisualStudioVersion = 17.9.34607.119
MinimumVisualStudioVersion = 10.0.40219.1
Project("{FAE04EC0-301F-11D3-BF4B-00C04F79EFBC}") = "DAL", "DAL\DAL.csproj", "{422B510E-4CAA-40FF-8426-485687688FE9}"
EndProject
Project("{FAE04EC0-301F-11D3-BF4B-00C04F79EFBC}") = "APLICATION", "APLICATION\APLICATION.csproj", "{E597761F-0A9C-4D11-841C-2FCDBA70C8B5}"
EndProject
Project("{FAE04EC0-301F-11D3-BF4B-00C04F79EFBC}") = "UI", "UI\UI.csproj", "{C045A468-E259-4C88-BA48-5808B636342B}"
EndProject
Global
	GlobalSection(SolutionConfigurationPlatforms) = preSolution
		Debug|Any CPU = Debug|Any CPU
		Release|Any CPU = Release|Any CPU
	EndGlobalSection
	GlobalSection(ProjectConfigurationPlatforms) = postSolution
		{422B510E-4CAA-40FF-8426-485687688FE9}.Debug|Any CPU.ActiveCfg = Debug|Any CPU
		{422B510E-4CAA-40FF-8426-485687688FE9}.Debug|Any CPU.Build.0 = Debug|Any CPU
		{422B510E-4CAA-40FF-8426-485687688FE9}.Release|Any CPU.ActiveCfg = Release|Any CPU
		{422B510E-4CAA-40FF-8426-485687688FE9}.Release|Any CPU.Build.0 = Release|Any CPU
		{E597761F-0A9C-4D11-841C-2FCDBA70C8B5}.Debug|Any CPU.ActiveCfg = Debug|Any CPU
		{E597761F-0A9C-4D11-841C-2FCDBA70C8B5}.Debug|Any CPU.Build.0 = Debug|Any CPU
		{E597761F-0A9C-4D11-841C-2FCDBA70C8B5}.Release|Any CPU.ActiveCfg = Release|Any CPU
		{E597761F-0A9C-4D11-841C-2FCDBA70C8B5}.Release|Any CPU.Build.0 = Release|Any CPU
		{C045A468-E259-4C88-BA48-5808B636342B}.Debug|Any CPU.ActiveCfg = Debug|Any CPU
		{C045A468-E259-4C88-BA48-5808B636342B}.Debug|Any CPU.Build.0 = Debug|Any CPU
		{C045A468-E259-4C88-BA48-5808B636342B}.Release|Any CPU.ActiveCfg = Release|Any CPU
		{C045A468-E259-4C88-BA48-5808B636342B}.Release|Any CPU.Build.0 = Release|Any CPU
	EndGlobalSection
	GlobalSection(SolutionProperties) = preSolution
		HideSolutionNode = FALSE
	EndGlobalSection
	GlobalSection(ExtensibilityGlobals) = postSolution
		SolutionGuid = {C21255B9-5DB0-44F4-9C45-33862F698250}
	EndGlobalSection
EndGlobal
